{
  "version": 4,
  "terraform_version": "0.15.0",
  "serial": 65,
  "lineage": "0c15aa35-1b9b-0ef7-ea32-a6bc69ebcf75",
  "outputs": {},
  "resources": [
    {
      "mode": "data",
      "type": "digitalocean_droplet",
      "name": "do_server",
      "provider": "provider[\"registry.terraform.io/digitalocean/digitalocean\"]",
      "instances": [
        {
          "index_key": 0,
          "schema_version": 0,
          "attributes": {
            "backups": false,
            "created_at": "2021-05-31T11:59:50Z",
            "disk": 25,
            "id": 248397281,
            "image": "ubuntu-20-04-x64",
            "ipv4_address": "167.99.93.255",
            "ipv4_address_private": "10.131.108.96",
            "ipv6": false,
            "ipv6_address": null,
            "ipv6_address_private": null,
            "locked": false,
            "memory": 1024,
            "monitoring": false,
            "name": "docker",
            "price_hourly": 0.00744,
            "price_monthly": 5,
            "private_networking": true,
            "region": "lon1",
            "size": "s-1vcpu-1gb",
            "status": "active",
            "tag": null,
            "tags": [
              "devops",
              "tyoma77_at_ya_ru"
            ],
            "urn": "do:droplet:248397281",
            "vcpus": 1,
            "volume_ids": [],
            "vpc_uuid": "0a8cd99e-2407-47b0-983e-b1719a8d03ff"
          },
          "sensitive_attributes": []
        }
      ]
    },
    {
      "mode": "data",
      "type": "digitalocean_ssh_key",
      "name": "rebrain_key",
      "provider": "provider[\"registry.terraform.io/digitalocean/digitalocean\"]",
      "instances": [
        {
          "schema_version": 0,
          "attributes": {
            "fingerprint": "95:23:66:57:56:2e:5a:47:85:fb:86:73:ca:b5:90:e7",
            "id": 29465146,
            "name": "REBRAIN.SSH.PUB.KEY",
            "public_key": "ssh-rsa AAAAB3NzaC1yc2EAAAADAQABAAABAQDNm4pL78YE6j9FTD6lGPzGIXl94q2118orskmYoSfr5qzZspXhhLlMu2Y9R20/8KVns1T8j9Q/fb9X33MtjuPRoNmz5LPIqoIYblbujdFqt+5vpz2YbfHPEBC5GrN2XHw4wFzyXCki5DaYC6Ktj2brJGUJomrIc2hwzK+wV2ncGLZv73E1+sDUdGuuLFeU60lvrK6fp03KN3Dyouc61RDPmG81omA5obcf4jBdA6FjoOpVq64XYqR0kzUhM2DXKsnagfkV9oFBfDdz3U+JZRz7ubR4iPtojq5LyQE8Ah3q2CDPxrEBKkJbglRoPBRQ0NGtyNH83HfIPZctkLMx8ja3"
          },
          "sensitive_attributes": []
        }
      ]
    },
    {
      "mode": "managed",
      "type": "digitalocean_droplet",
      "name": "do_vps",
      "provider": "provider[\"registry.terraform.io/digitalocean/digitalocean\"]",
      "instances": [
        {
          "index_key": 0,
          "schema_version": 1,
          "attributes": {
            "backups": false,
            "created_at": "2021-05-31T11:59:50Z",
            "disk": 25,
            "id": "248397281",
            "image": "ubuntu-20-04-x64",
            "ipv4_address": "167.99.93.255",
            "ipv4_address_private": "10.131.108.96",
            "ipv6": false,
            "ipv6_address": "",
            "locked": false,
            "memory": 1024,
            "monitoring": false,
            "name": "docker",
            "price_hourly": 0.00744,
            "price_monthly": 5,
            "private_networking": true,
            "region": "lon1",
            "resize_disk": true,
            "size": "s-1vcpu-1gb",
            "ssh_keys": [
              "29465146",
              "fa:2e:a6:8d:77:5e:a0:df:9f:8e:63:c0:9a:13:a3:b5"
            ],
            "status": "active",
            "tags": [
              "devops",
              "tyoma77_at_ya_ru"
            ],
            "urn": "do:droplet:248397281",
            "user_data": null,
            "vcpus": 1,
            "volume_ids": [],
            "vpc_uuid": "0a8cd99e-2407-47b0-983e-b1719a8d03ff"
          },
          "sensitive_attributes": [],
          "private": "eyJzY2hlbWFfdmVyc2lvbiI6IjEifQ==",
          "dependencies": [
            "data.digitalocean_ssh_key.rebrain_key",
            "digitalocean_ssh_key.my_key_aav"
          ]
        }
      ]
    },
    {
      "mode": "managed",
      "type": "digitalocean_ssh_key",
      "name": "my_key_aav",
      "provider": "provider[\"registry.terraform.io/digitalocean/digitalocean\"]",
      "instances": [
        {
          "schema_version": 0,
          "attributes": {
            "fingerprint": "fa:2e:a6:8d:77:5e:a0:df:9f:8e:63:c0:9a:13:a3:b5",
            "id": "30447067",
            "name": "Artem V key",
            "public_key": "ssh-rsa AAAAB3NzaC1yc2EAAAABJQAAAQEAkm90VbvrKPNOtk02cjQefFi+rLbapt7xiYQIUiXxBpWlxlhKFsxbzp7/LSnWk2stI33BQlcJG5LMSGv6QHYu7W1+Flltf7kvh99K/E5rjYlBatxG3EVD8ekqiD2NUeLcSrUFZHTbv0SdV4iYEOahtWngm3X+NMg5icookIRl1H8ZRTj0Oo/4JfgzGhcDqI0DDWWHcasq+EbEAsQ/gBW7KkeLkj3euGrlgIjozOveFivKkaBnR4bt4YJGuOCp885cdnj2FuDWy0bbVCAEJmrUezQ0sffaPzm340UIpY6D3e9Ml6E8Z0qjyLEk/TP7ih3yse4Mgz9ZM0osp1HyZBXrFQ== rsa-key-20210421"
          },
          "sensitive_attributes": [],
          "private": "bnVsbA=="
        }
      ]
    },
    {
      "mode": "managed",
      "type": "local_file",
      "name": "ansible_inventory",
      "provider": "provider[\"registry.terraform.io/hashicorp/local\"]",
      "instances": [
        {
          "schema_version": 0,
          "attributes": {
            "content": "---\r\nall:\r\n  hosts:\r\n    docker:   \r\n      ansible_host: 167.99.93.255\r\n",
            "content_base64": null,
            "directory_permission": "0777",
            "file_permission": "0777",
            "filename": "./ansible/inventory",
            "id": "c91a5e0aa9b5bec532b6c5d320d6d83f61435ab3",
            "sensitive_content": null,
            "source": null
          },
          "sensitive_attributes": [],
          "private": "bnVsbA==",
          "dependencies": [
            "digitalocean_droplet.do_vps",
            "digitalocean_ssh_key.my_key_aav",
            "data.digitalocean_droplet.do_server",
            "data.digitalocean_ssh_key.rebrain_key"
          ]
        }
      ]
    }
  ]
}
